{
  "R": {
    "Version": "4.0.5",
    "Repositories": [
      {
        "Name": "CRAN",
        "URL": "https://cran.rstudio.com"
      }
    ]
  },
  "Packages": {
    "ggplot2": {
      "Package": "ggplot2",
      "Version": "3.3.4",
      "Source": "Repository",
      "Repository": "CRAN",
      "Hash": "53ed0e82132d7f6ade8428f494d175e1"
    },
    "flux": {
      "Package": "flux",
      "Version": "0.3-0",
      "Source": "Repository",
      "Repository": "CRAN",
      "Hash": "3cde0b5627a7928978d70f1d88f7cd89"
    },
    "FinCal": {
      "Package": "FinCal",
      "Version": "0.6.3",
      "Source": "Repository",
      "Repository": "CRAN"
    },
    "grid": {
      "Package": "grid",
      "Version": "4.0.5",
      "Source": "Repository",
      "Repository": "CRAN"
    },
    "pbapply": {
      "Package": "pbapply",
      "Version": "1.4-3",
      "Source": "Repository",
      "Repository": "CRAN",
      "Hash": "52f8028b028076bc3b7ee5d6251abf0d"
    },
    "ggpubr": {
      "Package": "ggpubr",
      "Version": "0.4.0",
      "Source": "Repository",
      "Repository": "CRAN",
      "Hash": "77089557d374c69db7cb77e65f0d6ab0"
    },
    "randomForest": {
      "Package": "randomForest",
      "Version": "4.6-14",
      "Source": "Repository",
      "Repository": "CRAN",
      "Hash": "6367ba8128568cc5ebf8082e440948e4"
    },
    "fda": {
      "Package": "fda",
      "Version": "5.1.9",
      "Source": "Repository",
      "Repository": "CRAN",
      "Hash": "c3b0eaafd5174611bb02a5f3ff646ce4"
    },
    "fda.usc": {
      "Package": "fda.usc",
      "Version": "2.0.2",
      "Source": "Repository",
      "Repository": "CRAN",
      "Hash": "876c6b7e1ef1f8d05fb256b0670391ae"
    },
    "glmnet": {
      "Package": "glmnet",
      "Version": "4.1-1",
      "Source": "Repository",
      "Repository": "CRAN",
      "Hash": "18482cb4790abf3ed27cafa2381d6175"
    },
    "keras": {
      "Package": "keras",
      "Version": "2.4.0",
      "Source": "Repository",
      "Repository": "CRAN",
      "Hash": "5d2a8af385ee83a4cfcd344d33fe9aab"
    },
    "tensorflow": {
      "Package": "tensorflow",
      "Version": "2.5.0",
      "Source": "Repository",
      "Repository": "CRAN",
      "Hash": "b51b9d9ab21c2cc66aeff458aba89a00"
    },
    "earth": {
      "Package": "earth",
      "Version": "5.3.0",
      "Source": "Repository",
      "Repository": "CRAN",
      "Hash": "65afb8404e57d5e634ff1d1c82d750c0"
    },
    "caret": {
      "Package": "caret",
      "Version": "6.0-88",
      "Source": "Repository",
      "Repository": "CRAN",
      "Hash": "5ffe8bf1fd0fc5a0a43d495f689af13b"
    },
    "future.apply": {
      "Package": "future.apply",
      "Version": "1.7.0",
      "Source": "Repository",
      "Repository": "CRAN",
      "Hash": "7fb0dc1961807da107ab2078366052bd"
    },
    "gam": {
      "Package": "gam",
      "Version": "1.20",
      "Source": "Repository",
      "Repository": "CRAN",
      "Hash": "b4c87fae29126df75f377518703c5853"
    },
    "gridExtra": {
      "Package": "gridExtra",
      "Version": "2.3",
      "Source": "Repository",
      "Repository": "CRAN",
      "Hash": "7d7f283939f563670a697165b2cf5560"
    },
    "tidyverse": {
      "Package": "tidyverse",
      "Version": "1.3.1",
      "Source": "Repository",
      "Repository": "CRAN",
      "Hash": "fc4c72b6ae9bb283416bd59a3303bbab"
    },
    "reshape": {
      "Package": "reshape",
      "Version": "0.8.8",
      "Source": "Repository",
      "Repository": "CRAN",
      "Hash": "0f4d941129e00ed34a7d192b1da7ccef"
    },
    "reshape2": {
      "Package": "reshape2",
      "Version": "1.4.4",
      "Source": "Repository",
      "Repository": "CRAN",
      "Hash": "bb5996d0bd962d214a11140d77589917"
    },
    "reticulate": {
      "Package": "reticulate",
      "Version": "1.20",
      "Source": "Repository",
      "Repository": "CRAN",
      "Hash": "30ab0ea8c8d3dd16a3fa06903449bbfb"
    },
    "matrixStats": {
      "Package": "matrixStats",
      "Version": "0.59.0",
      "Source": "Repository",
      "Repository": "CRAN",
      "Hash": "45a2fee40a2f1bcad392cbe8a5f10d4f"
    },
    "gbm": {
      "Package": "gbm",
      "Version": "2.1.8",
      "Source": "Repository",
      "Repository": "CRAN",
      "Hash": "158310c26916971b3d3d1a97937588cc"
    },
    "FuncNN": {
      "Package": "FuncNN",
      "Version": "1.0",
      "Source": "Repository",
      "Repository": "CRAN",
      "Hash": "e72741e1decbbf483feae79723ab17ae"
    }
  }
}
